
Microsoft Visual Studio Solution File, Format Version 12.00
# Visual Studio Version 17
VisualStudioVersion = 17.1.32407.343
MinimumVisualStudioVersion = 10.0.40219.1
Project("{FAE04EC0-301F-11D3-BF4B-00C04F79EFBC}") = "GameOfLife_2", "GameOfLife_2.csproj", "{FCC904E0-9003-4CE0-9D87-2C6EB86BAB4C}"
EndProject
Global
	GlobalSection(SolutionConfigurationPlatforms) = preSolution
		Debug|Any CPU = Debug|Any CPU
		Release|Any CPU = Release|Any CPU
	EndGlobalSection
	GlobalSection(ProjectConfigurationPlatforms) = postSolution
		{FCC904E0-9003-4CE0-9D87-2C6EB86BAB4C}.Debug|Any CPU.ActiveCfg = Debug|Any CPU
		{FCC904E0-9003-4CE0-9D87-2C6EB86BAB4C}.Debug|Any CPU.Build.0 = Debug|Any CPU
		{FCC904E0-9003-4CE0-9D87-2C6EB86BAB4C}.Release|Any CPU.ActiveCfg = Release|Any CPU
		{FCC904E0-9003-4CE0-9D87-2C6EB86BAB4C}.Release|Any CPU.Build.0 = Release|Any CPU
	EndGlobalSection
	GlobalSection(SolutionProperties) = preSolution
		HideSolutionNode = FALSE
	EndGlobalSection
	GlobalSection(ExtensibilityGlobals) = postSolution
		SolutionGuid = {0BB45B1A-5414-4DE5-937B-86EDE5A1AB9B}
	EndGlobalSection
EndGlobal
